
Microsoft Visual Studio Solution File, Format Version 12.00
# Visual Studio 15
VisualStudioVersion = 15.0.27703.2000
MinimumVisualStudioVersion = 10.0.40219.1
Project("{F184B08F-C81C-45F6-A57F-5ABD9991F28F}") = "Darkest Dungeon Saver", "Darkest Dungeon Saver\Darkest Dungeon Saver.vbproj", "{56630A00-553D-49A9-85FA-83A4D33F538D}"
EndProject
Global
	GlobalSection(SolutionConfigurationPlatforms) = preSolution
		Debug|Any CPU = Debug|Any CPU
		Release|Any CPU = Release|Any CPU
	EndGlobalSection
	GlobalSection(ProjectConfigurationPlatforms) = postSolution
		{56630A00-553D-49A9-85FA-83A4D33F538D}.Debug|Any CPU.ActiveCfg = Debug|Any CPU
		{56630A00-553D-49A9-85FA-83A4D33F538D}.Debug|Any CPU.Build.0 = Debug|Any CPU
		{56630A00-553D-49A9-85FA-83A4D33F538D}.Release|Any CPU.ActiveCfg = Release|Any CPU
		{56630A00-553D-49A9-85FA-83A4D33F538D}.Release|Any CPU.Build.0 = Release|Any CPU
	EndGlobalSection
	GlobalSection(SolutionProperties) = preSolution
		HideSolutionNode = FALSE
	EndGlobalSection
	GlobalSection(ExtensibilityGlobals) = postSolution
		SolutionGuid = {161B8A86-7AD4-4836-A97D-8084343B7A09}
	EndGlobalSection
EndGlobal
